
Microsoft Visual Studio Solution File, Format Version 12.00
# Visual Studio Version 16
VisualStudioVersion = 16.0.30907.101
MinimumVisualStudioVersion = 10.0.40219.1
Project("{FAE04EC0-301F-11D3-BF4B-00C04F79EFBC}") = "MoviesManagement", "MoviesManagement\MoviesManagement.csproj", "{3E573D6B-1065-4990-A4AA-8444C2FAD2B7}"
EndProject
Project("{FAE04EC0-301F-11D3-BF4B-00C04F79EFBC}") = "MoviesManagementUnitTest", "MoviesManagementUnitTest\MoviesManagementUnitTest.csproj", "{E2BCBA5D-CFBA-4A29-882F-BEEF71F2D755}"
EndProject
Global
	GlobalSection(SolutionConfigurationPlatforms) = preSolution
		Debug|Any CPU = Debug|Any CPU
		Release|Any CPU = Release|Any CPU
	EndGlobalSection
	GlobalSection(ProjectConfigurationPlatforms) = postSolution
		{3E573D6B-1065-4990-A4AA-8444C2FAD2B7}.Debug|Any CPU.ActiveCfg = Debug|Any CPU
		{3E573D6B-1065-4990-A4AA-8444C2FAD2B7}.Debug|Any CPU.Build.0 = Debug|Any CPU
		{3E573D6B-1065-4990-A4AA-8444C2FAD2B7}.Release|Any CPU.ActiveCfg = Release|Any CPU
		{3E573D6B-1065-4990-A4AA-8444C2FAD2B7}.Release|Any CPU.Build.0 = Release|Any CPU
		{E2BCBA5D-CFBA-4A29-882F-BEEF71F2D755}.Debug|Any CPU.ActiveCfg = Debug|Any CPU
		{E2BCBA5D-CFBA-4A29-882F-BEEF71F2D755}.Debug|Any CPU.Build.0 = Debug|Any CPU
		{E2BCBA5D-CFBA-4A29-882F-BEEF71F2D755}.Release|Any CPU.ActiveCfg = Release|Any CPU
		{E2BCBA5D-CFBA-4A29-882F-BEEF71F2D755}.Release|Any CPU.Build.0 = Release|Any CPU
	EndGlobalSection
	GlobalSection(SolutionProperties) = preSolution
		HideSolutionNode = FALSE
	EndGlobalSection
	GlobalSection(ExtensibilityGlobals) = postSolution
		SolutionGuid = {5171859D-002C-42D8-9EE9-281B9CE2A53D}
	EndGlobalSection
EndGlobal
